
Microsoft Visual Studio Solution File, Format Version 12.00
# Visual Studio Version 16
VisualStudioVersion = 16.0.33027.164
MinimumVisualStudioVersion = 10.0.40219.1
Project("{FAE04EC0-301F-11D3-BF4B-00C04F79EFBC}") = "AnaokuluKatmanli", "AnaokuluKatmanli\AnaokuluKatmanli.csproj", "{180B4569-0275-4AC9-917E-975A97380CE3}"
EndProject
Project("{FAE04EC0-301F-11D3-BF4B-00C04F79EFBC}") = "AnaokuluKatmanli.Model", "AnaokuluKatmanli.Model\AnaokuluKatmanli.Model.csproj", "{1FD65C56-2D39-44ED-957D-52EA887F288D}"
EndProject
Project("{FAE04EC0-301F-11D3-BF4B-00C04F79EFBC}") = "Anaokulu.Data", "Anaokulu.Data\Anaokulu.Data.csproj", "{DF7736E7-B3B3-48C7-812D-017688457CAF}"
EndProject
Global
	GlobalSection(SolutionConfigurationPlatforms) = preSolution
		Debug|Any CPU = Debug|Any CPU
		Release|Any CPU = Release|Any CPU
	EndGlobalSection
	GlobalSection(ProjectConfigurationPlatforms) = postSolution
		{180B4569-0275-4AC9-917E-975A97380CE3}.Debug|Any CPU.ActiveCfg = Debug|Any CPU
		{180B4569-0275-4AC9-917E-975A97380CE3}.Debug|Any CPU.Build.0 = Debug|Any CPU
		{180B4569-0275-4AC9-917E-975A97380CE3}.Release|Any CPU.ActiveCfg = Release|Any CPU
		{180B4569-0275-4AC9-917E-975A97380CE3}.Release|Any CPU.Build.0 = Release|Any CPU
		{1FD65C56-2D39-44ED-957D-52EA887F288D}.Debug|Any CPU.ActiveCfg = Debug|Any CPU
		{1FD65C56-2D39-44ED-957D-52EA887F288D}.Debug|Any CPU.Build.0 = Debug|Any CPU
		{1FD65C56-2D39-44ED-957D-52EA887F288D}.Release|Any CPU.ActiveCfg = Release|Any CPU
		{1FD65C56-2D39-44ED-957D-52EA887F288D}.Release|Any CPU.Build.0 = Release|Any CPU
		{DF7736E7-B3B3-48C7-812D-017688457CAF}.Debug|Any CPU.ActiveCfg = Debug|Any CPU
		{DF7736E7-B3B3-48C7-812D-017688457CAF}.Debug|Any CPU.Build.0 = Debug|Any CPU
		{DF7736E7-B3B3-48C7-812D-017688457CAF}.Release|Any CPU.ActiveCfg = Release|Any CPU
		{DF7736E7-B3B3-48C7-812D-017688457CAF}.Release|Any CPU.Build.0 = Release|Any CPU
	EndGlobalSection
	GlobalSection(SolutionProperties) = preSolution
		HideSolutionNode = FALSE
	EndGlobalSection
	GlobalSection(ExtensibilityGlobals) = postSolution
		SolutionGuid = {C3AA3FCC-101F-4E58-8070-6F52C56E1A71}
	EndGlobalSection
EndGlobal
